
Microsoft Visual Studio Solution File, Format Version 12.00
# Visual Studio Version 16
VisualStudioVersion = 16.0.33027.164
MinimumVisualStudioVersion = 10.0.40219.1
Project("{FAE04EC0-301F-11D3-BF4B-00C04F79EFBC}") = "Module_8_Task_4", "Module_8_Task_4\Module_8_Task_4.csproj", "{4B147B19-F684-43AC-8A89-EE1E51CFD0EB}"
EndProject
Project("{FAE04EC0-301F-11D3-BF4B-00C04F79EFBC}") = "FinalTask", "FinalTask\FinalTask.csproj", "{8AC2E890-2ED9-4227-9E53-211025A67DC0}"
EndProject
Global
	GlobalSection(SolutionConfigurationPlatforms) = preSolution
		Debug|Any CPU = Debug|Any CPU
		Release|Any CPU = Release|Any CPU
	EndGlobalSection
	GlobalSection(ProjectConfigurationPlatforms) = postSolution
		{4B147B19-F684-43AC-8A89-EE1E51CFD0EB}.Debug|Any CPU.ActiveCfg = Debug|Any CPU
		{4B147B19-F684-43AC-8A89-EE1E51CFD0EB}.Debug|Any CPU.Build.0 = Debug|Any CPU
		{4B147B19-F684-43AC-8A89-EE1E51CFD0EB}.Release|Any CPU.ActiveCfg = Release|Any CPU
		{4B147B19-F684-43AC-8A89-EE1E51CFD0EB}.Release|Any CPU.Build.0 = Release|Any CPU
		{8AC2E890-2ED9-4227-9E53-211025A67DC0}.Debug|Any CPU.ActiveCfg = Debug|Any CPU
		{8AC2E890-2ED9-4227-9E53-211025A67DC0}.Debug|Any CPU.Build.0 = Debug|Any CPU
		{8AC2E890-2ED9-4227-9E53-211025A67DC0}.Release|Any CPU.ActiveCfg = Release|Any CPU
		{8AC2E890-2ED9-4227-9E53-211025A67DC0}.Release|Any CPU.Build.0 = Release|Any CPU
	EndGlobalSection
	GlobalSection(SolutionProperties) = preSolution
		HideSolutionNode = FALSE
	EndGlobalSection
	GlobalSection(ExtensibilityGlobals) = postSolution
		SolutionGuid = {241C01B1-3E0A-47D3-9E1E-935E24A945CB}
	EndGlobalSection
EndGlobal
